
Microsoft Visual Studio Solution File, Format Version 12.00
# Visual Studio Version 16
VisualStudioVersion = 16.0.31727.386
MinimumVisualStudioVersion = 10.0.40219.1
Project("{FAE04EC0-301F-11D3-BF4B-00C04F79EFBC}") = "KoleksiyonlarSoru3", "KoleksiyonlarSoru3\KoleksiyonlarSoru3.csproj", "{49B332B8-022A-4386-8D1D-AB2B6950067C}"
EndProject
Global
	GlobalSection(SolutionConfigurationPlatforms) = preSolution
		Debug|Any CPU = Debug|Any CPU
		Release|Any CPU = Release|Any CPU
	EndGlobalSection
	GlobalSection(ProjectConfigurationPlatforms) = postSolution
		{49B332B8-022A-4386-8D1D-AB2B6950067C}.Debug|Any CPU.ActiveCfg = Debug|Any CPU
		{49B332B8-022A-4386-8D1D-AB2B6950067C}.Debug|Any CPU.Build.0 = Debug|Any CPU
		{49B332B8-022A-4386-8D1D-AB2B6950067C}.Release|Any CPU.ActiveCfg = Release|Any CPU
		{49B332B8-022A-4386-8D1D-AB2B6950067C}.Release|Any CPU.Build.0 = Release|Any CPU
	EndGlobalSection
	GlobalSection(SolutionProperties) = preSolution
		HideSolutionNode = FALSE
	EndGlobalSection
	GlobalSection(ExtensibilityGlobals) = postSolution
		SolutionGuid = {E7D6BCFD-67B2-4777-93BD-3890743E5AAF}
	EndGlobalSection
EndGlobal
